
Microsoft Visual Studio Solution File, Format Version 12.00
# Visual Studio Version 17
VisualStudioVersion = 17.9.34728.123
MinimumVisualStudioVersion = 10.0.40219.1
Project("{FAE04EC0-301F-11D3-BF4B-00C04F79EFBC}") = "DrugstoreApi", "DrugstoreApi\DrugstoreApi.csproj", "{E025C9F3-16EE-4FAE-A591-5E5BC5FC3B6F}"
EndProject
Global
	GlobalSection(SolutionConfigurationPlatforms) = preSolution
		Debug|Any CPU = Debug|Any CPU
		Release|Any CPU = Release|Any CPU
	EndGlobalSection
	GlobalSection(ProjectConfigurationPlatforms) = postSolution
		{E025C9F3-16EE-4FAE-A591-5E5BC5FC3B6F}.Debug|Any CPU.ActiveCfg = Debug|Any CPU
		{E025C9F3-16EE-4FAE-A591-5E5BC5FC3B6F}.Debug|Any CPU.Build.0 = Debug|Any CPU
		{E025C9F3-16EE-4FAE-A591-5E5BC5FC3B6F}.Release|Any CPU.ActiveCfg = Release|Any CPU
		{E025C9F3-16EE-4FAE-A591-5E5BC5FC3B6F}.Release|Any CPU.Build.0 = Release|Any CPU
	EndGlobalSection
	GlobalSection(SolutionProperties) = preSolution
		HideSolutionNode = FALSE
	EndGlobalSection
	GlobalSection(ExtensibilityGlobals) = postSolution
		SolutionGuid = {76B4A50B-7780-4D9A-B924-24769B6803C1}
	EndGlobalSection
EndGlobal
